// !$*UTF8*$!
{
	archiveVersion = 1;
	classes = {
	};
	objectVersion = 56;
	objects = {

/* Begin PBXBuildFile section */
		EBEA72DD2A10147A009037F7 /* BioGraphAIApp.swift in Sources */ = {isa = PBXBuildFile; fileRef = EBEA72DC2A10147A009037F7 /* BioGraphAIApp.swift */; };
		EBEA72DF2A10147A009037F7 /* ContentView.swift in Sources */ = {isa = PBXBuildFile; fileRef = EBEA72DE2A10147A009037F7 /* ContentView.swift */; };
		EBEA72E12A10147B009037F7 /* Assets.xcassets in Resources */ = {isa = PBXBuildFile; fileRef = EBEA72E02A10147B009037F7 /* Assets.xcassets */; };
		EBEA72E42A10147B009037F7 /* Preview Assets.xcassets in Resources */ = {isa = PBXBuildFile; fileRef = EBEA72E32A10147B009037F7 /* Preview Assets.xcassets */; };
		EBEA72EE2A10147B009037F7 /* BioGraphAITests.swift in Sources */ = {isa = PBXBuildFile; fileRef = EBEA72ED2A10147B009037F7 /* BioGraphAITests.swift */; };
		EBEA72F82A10147B009037F7 /* BioGraphAIUITests.swift in Sources */ = {isa = PBXBuildFile; fileRef = EBEA72F72A10147B009037F7 /* BioGraphAIUITests.swift */; };
		EBEA72FA2A10147B009037F7 /* BioGraphAIUITestsLaunchTests.swift in Sources */ = {isa = PBXBuildFile; fileRef = EBEA72F92A10147B009037F7 /* BioGraphAIUITestsLaunchTests.swift */; };
		EBEA73082A102585009037F7 /* OpenAIEndpoint.swift in Sources */ = {isa = PBXBuildFile; fileRef = EBEA73072A102585009037F7 /* OpenAIEndpoint.swift */; };
		EBEA730A2A102735009037F7 /* OpenAIService.swift in Sources */ = {isa = PBXBuildFile; fileRef = EBEA73092A102735009037F7 /* OpenAIService.swift */; };
		EBEA730C2A102756009037F7 /* DALLEResponse.swift in Sources */ = {isa = PBXBuildFile; fileRef = EBEA730B2A102756009037F7 /* DALLEResponse.swift */; };
		EBEA730E2A102762009037F7 /* Photo.swift in Sources */ = {isa = PBXBuildFile; fileRef = EBEA730D2A102762009037F7 /* Photo.swift */; };
		EBEA73102A1027CB009037F7 /* DALLEView.swift in Sources */ = {isa = PBXBuildFile; fileRef = EBEA730F2A1027CB009037F7 /* DALLEView.swift */; };
		EBEA73132A102EB0009037F7 /* DALLEResponseError.swift in Sources */ = {isa = PBXBuildFile; fileRef = EBEA73122A102EB0009037F7 /* DALLEResponseError.swift */; };
		EBEA73162A1033E9009037F7 /* keys.plist in Resources */ = {isa = PBXBuildFile; fileRef = EBEA73152A1033E9009037F7 /* keys.plist */; };
		EBEA73182A104836009037F7 /* BiographyAdd.swift in Sources */ = {isa = PBXBuildFile; fileRef = EBEA73172A104836009037F7 /* BiographyAdd.swift */; };
		EBEA731A2A105351009037F7 /* ChatResponse.swift in Sources */ = {isa = PBXBuildFile; fileRef = EBEA73192A105351009037F7 /* ChatResponse.swift */; };
		EBEA731E2A1055A9009037F7 /* ChatResponseError.swift in Sources */ = {isa = PBXBuildFile; fileRef = EBEA731D2A1055A9009037F7 /* ChatResponseError.swift */; };
		EBEA73202A1073FB009037F7 /* Store.swift in Sources */ = {isa = PBXBuildFile; fileRef = EBEA731F2A1073FB009037F7 /* Store.swift */; };
		EBEA73222A10749B009037F7 /* Biography.swift in Sources */ = {isa = PBXBuildFile; fileRef = EBEA73212A10749B009037F7 /* Biography.swift */; };
		EBEA73252A107D30009037F7 /* Image.swift in Sources */ = {isa = PBXBuildFile; fileRef = EBEA73242A107D30009037F7 /* Image.swift */; };
		EBEA73272A10807D009037F7 /* BiographyDetails.swift in Sources */ = {isa = PBXBuildFile; fileRef = EBEA73262A10807D009037F7 /* BiographyDetails.swift */; };
		EBEA732A2A108665009037F7 /* BiographyModel.xcdatamodeld in Sources */ = {isa = PBXBuildFile; fileRef = EBEA73282A108665009037F7 /* BiographyModel.xcdatamodeld */; };
/* End PBXBuildFile section */

/* Begin PBXContainerItemProxy section */
		EBEA72EA2A10147B009037F7 /* PBXContainerItemProxy */ = {
			isa = PBXContainerItemProxy;
			containerPortal = EBEA72D12A10147A009037F7 /* Project object */;
			proxyType = 1;
			remoteGlobalIDString = EBEA72D82A10147A009037F7;
			remoteInfo = BioGraphAI;
		};
		EBEA72F42A10147B009037F7 /* PBXContainerItemProxy */ = {
			isa = PBXContainerItemProxy;
			containerPortal = EBEA72D12A10147A009037F7 /* Project object */;
			proxyType = 1;
			remoteGlobalIDString = EBEA72D82A10147A009037F7;
			remoteInfo = BioGraphAI;
		};
/* End PBXContainerItemProxy section */

/* Begin PBXFileReference section */
		EBEA72D92A10147A009037F7 /* BioGraphAI.app */ = {isa = PBXFileReference; explicitFileType = wrapper.application; includeInIndex = 0; path = BioGraphAI.app; sourceTree = BUILT_PRODUCTS_DIR; };
		EBEA72DC2A10147A009037F7 /* BioGraphAIApp.swift */ = {isa = PBXFileReference; lastKnownFileType = sourcecode.swift; path = BioGraphAIApp.swift; sourceTree = "<group>"; };
		EBEA72DE2A10147A009037F7 /* ContentView.swift */ = {isa = PBXFileReference; lastKnownFileType = sourcecode.swift; path = ContentView.swift; sourceTree = "<group>"; };
		EBEA72E02A10147B009037F7 /* Assets.xcassets */ = {isa = PBXFileReference; lastKnownFileType = folder.assetcatalog; path = Assets.xcassets; sourceTree = "<group>"; };
		EBEA72E32A10147B009037F7 /* Preview Assets.xcassets */ = {isa = PBXFileReference; lastKnownFileType = folder.assetcatalog; path = "Preview Assets.xcassets"; sourceTree = "<group>"; };
		EBEA72E92A10147B009037F7 /* BioGraphAITests.xctest */ = {isa = PBXFileReference; explicitFileType = wrapper.cfbundle; includeInIndex = 0; path = BioGraphAITests.xctest; sourceTree = BUILT_PRODUCTS_DIR; };
		EBEA72ED2A10147B009037F7 /* BioGraphAITests.swift */ = {isa = PBXFileReference; lastKnownFileType = sourcecode.swift; path = BioGraphAITests.swift; sourceTree = "<group>"; };
		EBEA72F32A10147B009037F7 /* BioGraphAIUITests.xctest */ = {isa = PBXFileReference; explicitFileType = wrapper.cfbundle; includeInIndex = 0; path = BioGraphAIUITests.xctest; sourceTree = BUILT_PRODUCTS_DIR; };
		EBEA72F72A10147B009037F7 /* BioGraphAIUITests.swift */ = {isa = PBXFileReference; lastKnownFileType = sourcecode.swift; path = BioGraphAIUITests.swift; sourceTree = "<group>"; };
		EBEA72F92A10147B009037F7 /* BioGraphAIUITestsLaunchTests.swift */ = {isa = PBXFileReference; lastKnownFileType = sourcecode.swift; path = BioGraphAIUITestsLaunchTests.swift; sourceTree = "<group>"; };
		EBEA73072A102585009037F7 /* OpenAIEndpoint.swift */ = {isa = PBXFileReference; lastKnownFileType = sourcecode.swift; path = OpenAIEndpoint.swift; sourceTree = "<group>"; };
		EBEA73092A102735009037F7 /* OpenAIService.swift */ = {isa = PBXFileReference; lastKnownFileType = sourcecode.swift; path = OpenAIService.swift; sourceTree = "<group>"; };
		EBEA730B2A102756009037F7 /* DALLEResponse.swift */ = {isa = PBXFileReference; lastKnownFileType = sourcecode.swift; path = DALLEResponse.swift; sourceTree = "<group>"; };
		EBEA730D2A102762009037F7 /* Photo.swift */ = {isa = PBXFileReference; lastKnownFileType = sourcecode.swift; path = Photo.swift; sourceTree = "<group>"; };
		EBEA730F2A1027CB009037F7 /* DALLEView.swift */ = {isa = PBXFileReference; lastKnownFileType = sourcecode.swift; path = DALLEView.swift; sourceTree = "<group>"; };
		EBEA73122A102EB0009037F7 /* DALLEResponseError.swift */ = {isa = PBXFileReference; lastKnownFileType = sourcecode.swift; path = DALLEResponseError.swift; sourceTree = "<group>"; };
		EBEA73152A1033E9009037F7 /* keys.plist */ = {isa = PBXFileReference; lastKnownFileType = text.plist.xml; path = keys.plist; sourceTree = "<group>"; };
		EBEA73172A104836009037F7 /* BiographyAdd.swift */ = {isa = PBXFileReference; lastKnownFileType = sourcecode.swift; path = BiographyAdd.swift; sourceTree = "<group>"; };
		EBEA73192A105351009037F7 /* ChatResponse.swift */ = {isa = PBXFileReference; lastKnownFileType = sourcecode.swift; path = ChatResponse.swift; sourceTree = "<group>"; };
		EBEA731D2A1055A9009037F7 /* ChatResponseError.swift */ = {isa = PBXFileReference; lastKnownFileType = sourcecode.swift; path = ChatResponseError.swift; sourceTree = "<group>"; };
		EBEA731F2A1073FB009037F7 /* Store.swift */ = {isa = PBXFileReference; lastKnownFileType = sourcecode.swift; path = Store.swift; sourceTree = "<group>"; };
		EBEA73212A10749B009037F7 /* Biography.swift */ = {isa = PBXFileReference; lastKnownFileType = sourcecode.swift; path = Biography.swift; sourceTree = "<group>"; };
		EBEA73242A107D30009037F7 /* Image.swift */ = {isa = PBXFileReference; lastKnownFileType = sourcecode.swift; path = Image.swift; sourceTree = "<group>"; };
		EBEA73262A10807D009037F7 /* BiographyDetails.swift */ = {isa = PBXFileReference; lastKnownFileType = sourcecode.swift; path = BiographyDetails.swift; sourceTree = "<group>"; };
		EBEA73292A108665009037F7 /* BiographyModel.xcdatamodel */ = {isa = PBXFileReference; lastKnownFileType = wrapper.xcdatamodel; path = BiographyModel.xcdatamodel; sourceTree = "<group>"; };
/* End PBXFileReference section */

/* Begin PBXFrameworksBuildPhase section */
		EBEA72D62A10147A009037F7 /* Frameworks */ = {
			isa = PBXFrameworksBuildPhase;
			buildActionMask = 2147483647;
			files = (
			);
			runOnlyForDeploymentPostprocessing = 0;
		};
		EBEA72E62A10147B009037F7 /* Frameworks */ = {
			isa = PBXFrameworksBuildPhase;
			buildActionMask = 2147483647;
			files = (
			);
			runOnlyForDeploymentPostprocessing = 0;
		};
		EBEA72F02A10147B009037F7 /* Frameworks */ = {
			isa = PBXFrameworksBuildPhase;
			buildActionMask = 2147483647;
			files = (
			);
			runOnlyForDeploymentPostprocessing = 0;
		};
/* End PBXFrameworksBuildPhase section */

/* Begin PBXGroup section */
		EBEA72D02A10147A009037F7 = {
			isa = PBXGroup;
			children = (
				EBEA72DB2A10147A009037F7 /* BioGraphAI */,
				EBEA72EC2A10147B009037F7 /* BioGraphAITests */,
				EBEA72F62A10147B009037F7 /* BioGraphAIUITests */,
				EBEA72DA2A10147A009037F7 /* Products */,
			);
			sourceTree = "<group>";
		};
		EBEA72DA2A10147A009037F7 /* Products */ = {
			isa = PBXGroup;
			children = (
				EBEA72D92A10147A009037F7 /* BioGraphAI.app */,
				EBEA72E92A10147B009037F7 /* BioGraphAITests.xctest */,
				EBEA72F32A10147B009037F7 /* BioGraphAIUITests.xctest */,
			);
			name = Products;
			sourceTree = "<group>";
		};
		EBEA72DB2A10147A009037F7 /* BioGraphAI */ = {
			isa = PBXGroup;
			children = (
				EBEA73232A107D1E009037F7 /* Extensions */,
				EBEA73112A1027D3009037F7 /* Views */,
				EBEA73062A102566009037F7 /* Model */,
				EBEA72DC2A10147A009037F7 /* BioGraphAIApp.swift */,
				EBEA72E02A10147B009037F7 /* Assets.xcassets */,
				EBEA72E22A10147B009037F7 /* Preview Content */,
				EBEA73152A1033E9009037F7 /* keys.plist */,
			);
			path = BioGraphAI;
			sourceTree = "<group>";
		};
		EBEA72E22A10147B009037F7 /* Preview Content */ = {
			isa = PBXGroup;
			children = (
				EBEA72E32A10147B009037F7 /* Preview Assets.xcassets */,
			);
			path = "Preview Content";
			sourceTree = "<group>";
		};
		EBEA72EC2A10147B009037F7 /* BioGraphAITests */ = {
			isa = PBXGroup;
			children = (
				EBEA72ED2A10147B009037F7 /* BioGraphAITests.swift */,
			);
			path = BioGraphAITests;
			sourceTree = "<group>";
		};
		EBEA72F62A10147B009037F7 /* BioGraphAIUITests */ = {
			isa = PBXGroup;
			children = (
				EBEA72F72A10147B009037F7 /* BioGraphAIUITests.swift */,
				EBEA72F92A10147B009037F7 /* BioGraphAIUITestsLaunchTests.swift */,
			);
			path = BioGraphAIUITests;
			sourceTree = "<group>";
		};
		EBEA73062A102566009037F7 /* Model */ = {
			isa = PBXGroup;
			children = (
				EBEA73072A102585009037F7 /* OpenAIEndpoint.swift */,
				EBEA73092A102735009037F7 /* OpenAIService.swift */,
				EBEA73192A105351009037F7 /* ChatResponse.swift */,
				EBEA731D2A1055A9009037F7 /* ChatResponseError.swift */,
				EBEA730B2A102756009037F7 /* DALLEResponse.swift */,
				EBEA73122A102EB0009037F7 /* DALLEResponseError.swift */,
				EBEA730D2A102762009037F7 /* Photo.swift */,
				EBEA731F2A1073FB009037F7 /* Store.swift */,
				EBEA73212A10749B009037F7 /* Biography.swift */,
				EBEA73282A108665009037F7 /* BiographyModel.xcdatamodeld */,
			);
			path = Model;
			sourceTree = "<group>";
		};
		EBEA73112A1027D3009037F7 /* Views */ = {
			isa = PBXGroup;
			children = (
				EBEA72DE2A10147A009037F7 /* ContentView.swift */,
				EBEA73172A104836009037F7 /* BiographyAdd.swift */,
				EBEA730F2A1027CB009037F7 /* DALLEView.swift */,
				EBEA73262A10807D009037F7 /* BiographyDetails.swift */,
			);
			path = Views;
			sourceTree = "<group>";
		};
		EBEA73232A107D1E009037F7 /* Extensions */ = {
			isa = PBXGroup;
			children = (
				EBEA73242A107D30009037F7 /* Image.swift */,
			);
			path = Extensions;
			sourceTree = "<group>";
		};
/* End PBXGroup section */

/* Begin PBXNativeTarget section */
		EBEA72D82A10147A009037F7 /* BioGraphAI */ = {
			isa = PBXNativeTarget;
			buildConfigurationList = EBEA72FD2A10147B009037F7 /* Build configuration list for PBXNativeTarget "BioGraphAI" */;
			buildPhases = (
				EBEA72D52A10147A009037F7 /* Sources */,
				EBEA72D62A10147A009037F7 /* Frameworks */,
				EBEA72D72A10147A009037F7 /* Resources */,
			);
			buildRules = (
			);
			dependencies = (
			);
			name = BioGraphAI;
			productName = BioGraphAI;
			productReference = EBEA72D92A10147A009037F7 /* BioGraphAI.app */;
			productType = "com.apple.product-type.application";
		};
		EBEA72E82A10147B009037F7 /* BioGraphAITests */ = {
			isa = PBXNativeTarget;
			buildConfigurationList = EBEA73002A10147B009037F7 /* Build configuration list for PBXNativeTarget "BioGraphAITests" */;
			buildPhases = (
				EBEA72E52A10147B009037F7 /* Sources */,
				EBEA72E62A10147B009037F7 /* Frameworks */,
				EBEA72E72A10147B009037F7 /* Resources */,
			);
			buildRules = (
			);
			dependencies = (
				EBEA72EB2A10147B009037F7 /* PBXTargetDependency */,
			);
			name = BioGraphAITests;
			productName = BioGraphAITests;
			productReference = EBEA72E92A10147B009037F7 /* BioGraphAITests.xctest */;
			productType = "com.apple.product-type.bundle.unit-test";
		};
		EBEA72F22A10147B009037F7 /* BioGraphAIUITests */ = {
			isa = PBXNativeTarget;
			buildConfigurationList = EBEA73032A10147B009037F7 /* Build configuration list for PBXNativeTarget "BioGraphAIUITests" */;
			buildPhases = (
				EBEA72EF2A10147B009037F7 /* Sources */,
				EBEA72F02A10147B009037F7 /* Frameworks */,
				EBEA72F12A10147B009037F7 /* Resources */,
			);
			buildRules = (
			);
			dependencies = (
				EBEA72F52A10147B009037F7 /* PBXTargetDependency */,
			);
			name = BioGraphAIUITests;
			productName = BioGraphAIUITests;
			productReference = EBEA72F32A10147B009037F7 /* BioGraphAIUITests.xctest */;
			productType = "com.apple.product-type.bundle.ui-testing";
		};
/* End PBXNativeTarget section */

/* Begin PBXProject section */
		EBEA72D12A10147A009037F7 /* Project object */ = {
			isa = PBXProject;
			attributes = {
				BuildIndependentTargetsInParallel = 1;
				LastSwiftUpdateCheck = 1430;
				LastUpgradeCheck = 1430;
				TargetAttributes = {
					EBEA72D82A10147A009037F7 = {
						CreatedOnToolsVersion = 14.3;
					};
					EBEA72E82A10147B009037F7 = {
						CreatedOnToolsVersion = 14.3;
						TestTargetID = EBEA72D82A10147A009037F7;
					};
					EBEA72F22A10147B009037F7 = {
						CreatedOnToolsVersion = 14.3;
						TestTargetID = EBEA72D82A10147A009037F7;
					};
				};
			};
			buildConfigurationList = EBEA72D42A10147A009037F7 /* Build configuration list for PBXProject "BioGraphAI" */;
			compatibilityVersion = "Xcode 14.0";
			developmentRegion = en;
			hasScannedForEncodings = 0;
			knownRegions = (
				en,
				Base,
			);
			mainGroup = EBEA72D02A10147A009037F7;
			productRefGroup = EBEA72DA2A10147A009037F7 /* Products */;
			projectDirPath = "";
			projectRoot = "";
			targets = (
				EBEA72D82A10147A009037F7 /* BioGraphAI */,
				EBEA72E82A10147B009037F7 /* BioGraphAITests */,
				EBEA72F22A10147B009037F7 /* BioGraphAIUITests */,
			);
		};
/* End PBXProject section */

/* Begin PBXResourcesBuildPhase section */
		EBEA72D72A10147A009037F7 /* Resources */ = {
			isa = PBXResourcesBuildPhase;
			buildActionMask = 2147483647;
			files = (
				EBEA72E42A10147B009037F7 /* Preview Assets.xcassets in Resources */,
				EBEA72E12A10147B009037F7 /* Assets.xcassets in Resources */,
				EBEA73162A1033E9009037F7 /* keys.plist in Resources */,
			);
			runOnlyForDeploymentPostprocessing = 0;
		};
		EBEA72E72A10147B009037F7 /* Resources */ = {
			isa = PBXResourcesBuildPhase;
			buildActionMask = 2147483647;
			files = (
			);
			runOnlyForDeploymentPostprocessing = 0;
		};
		EBEA72F12A10147B009037F7 /* Resources */ = {
			isa = PBXResourcesBuildPhase;
			buildActionMask = 2147483647;
			files = (
			);
			runOnlyForDeploymentPostprocessing = 0;
		};
/* End PBXResourcesBuildPhase section */

/* Begin PBXSourcesBuildPhase section */
		EBEA72D52A10147A009037F7 /* Sources */ = {
			isa = PBXSourcesBuildPhase;
			buildActionMask = 2147483647;
			files = (
				EBEA731A2A105351009037F7 /* ChatResponse.swift in Sources */,
				EBEA730E2A102762009037F7 /* Photo.swift in Sources */,
				EBEA73082A102585009037F7 /* OpenAIEndpoint.swift in Sources */,
				EBEA73202A1073FB009037F7 /* Store.swift in Sources */,
				EBEA72DF2A10147A009037F7 /* ContentView.swift in Sources */,
				EBEA73182A104836009037F7 /* BiographyAdd.swift in Sources */,
				EBEA72DD2A10147A009037F7 /* BioGraphAIApp.swift in Sources */,
				EBEA73252A107D30009037F7 /* Image.swift in Sources */,
				EBEA730A2A102735009037F7 /* OpenAIService.swift in Sources */,
				EBEA732A2A108665009037F7 /* BiographyModel.xcdatamodeld in Sources */,
				EBEA73222A10749B009037F7 /* Biography.swift in Sources */,
				EBEA73272A10807D009037F7 /* BiographyDetails.swift in Sources */,
				EBEA73102A1027CB009037F7 /* DALLEView.swift in Sources */,
				EBEA731E2A1055A9009037F7 /* ChatResponseError.swift in Sources */,
				EBEA73132A102EB0009037F7 /* DALLEResponseError.swift in Sources */,
				EBEA730C2A102756009037F7 /* DALLEResponse.swift in Sources */,
			);
			runOnlyForDeploymentPostprocessing = 0;
		};
		EBEA72E52A10147B009037F7 /* Sources */ = {
			isa = PBXSourcesBuildPhase;
			buildActionMask = 2147483647;
			files = (
				EBEA72EE2A10147B009037F7 /* BioGraphAITests.swift in Sources */,
			);
			runOnlyForDeploymentPostprocessing = 0;
		};
		EBEA72EF2A10147B009037F7 /* Sources */ = {
			isa = PBXSourcesBuildPhase;
			buildActionMask = 2147483647;
			files = (
				EBEA72FA2A10147B009037F7 /* BioGraphAIUITestsLaunchTests.swift in Sources */,
				EBEA72F82A10147B009037F7 /* BioGraphAIUITests.swift in Sources */,
			);
			runOnlyForDeploymentPostprocessing = 0;
		};
/* End PBXSourcesBuildPhase section */

/* Begin PBXTargetDependency section */
		EBEA72EB2A10147B009037F7 /* PBXTargetDependency */ = {
			isa = PBXTargetDependency;
			target = EBEA72D82A10147A009037F7 /* BioGraphAI */;
			targetProxy = EBEA72EA2A10147B009037F7 /* PBXContainerItemProxy */;
		};
		EBEA72F52A10147B009037F7 /* PBXTargetDependency */ = {
			isa = PBXTargetDependency;
			target = EBEA72D82A10147A009037F7 /* BioGraphAI */;
			targetProxy = EBEA72F42A10147B009037F7 /* PBXContainerItemProxy */;
		};
/* End PBXTargetDependency section */

/* Begin XCBuildConfiguration section */
		EBEA72FB2A10147B009037F7 /* Debug */ = {
			isa = XCBuildConfiguration;
			buildSettings = {
				ALWAYS_SEARCH_USER_PATHS = NO;
				CLANG_ANALYZER_NONNULL = YES;
				CLANG_ANALYZER_NUMBER_OBJECT_CONVERSION = YES_AGGRESSIVE;
				CLANG_CXX_LANGUAGE_STANDARD = "gnu++20";
				CLANG_ENABLE_MODULES = YES;
				CLANG_ENABLE_OBJC_ARC = YES;
				CLANG_ENABLE_OBJC_WEAK = YES;
				CLANG_WARN_BLOCK_CAPTURE_AUTORELEASING = YES;
				CLANG_WARN_BOOL_CONVERSION = YES;
				CLANG_WARN_COMMA = YES;
				CLANG_WARN_CONSTANT_CONVERSION = YES;
				CLANG_WARN_DEPRECATED_OBJC_IMPLEMENTATIONS = YES;
				CLANG_WARN_DIRECT_OBJC_ISA_USAGE = YES_ERROR;
				CLANG_WARN_DOCUMENTATION_COMMENTS = YES;
				CLANG_WARN_EMPTY_BODY = YES;
				CLANG_WARN_ENUM_CONVERSION = YES;
				CLANG_WARN_INFINITE_RECURSION = YES;
				CLANG_WARN_INT_CONVERSION = YES;
				CLANG_WARN_NON_LITERAL_NULL_CONVERSION = YES;
				CLANG_WARN_OBJC_IMPLICIT_RETAIN_SELF = YES;
				CLANG_WARN_OBJC_LITERAL_CONVERSION = YES;
				CLANG_WARN_OBJC_ROOT_CLASS = YES_ERROR;
				CLANG_WARN_QUOTED_INCLUDE_IN_FRAMEWORK_HEADER = YES;
				CLANG_WARN_RANGE_LOOP_ANALYSIS = YES;
				CLANG_WARN_STRICT_PROTOTYPES = YES;
				CLANG_WARN_SUSPICIOUS_MOVE = YES;
				CLANG_WARN_UNGUARDED_AVAILABILITY = YES_AGGRESSIVE;
				CLANG_WARN_UNREACHABLE_CODE = YES;
				CLANG_WARN__DUPLICATE_METHOD_MATCH = YES;
				COPY_PHASE_STRIP = NO;
				DEBUG_INFORMATION_FORMAT = dwarf;
				ENABLE_STRICT_OBJC_MSGSEND = YES;
				ENABLE_TESTABILITY = YES;
				GCC_C_LANGUAGE_STANDARD = gnu11;
				GCC_DYNAMIC_NO_PIC = NO;
				GCC_NO_COMMON_BLOCKS = YES;
				GCC_OPTIMIZATION_LEVEL = 0;
				GCC_PREPROCESSOR_DEFINITIONS = (
					"DEBUG=1",
					"$(inherited)",
				);
				GCC_WARN_64_TO_32_BIT_CONVERSION = YES;
				GCC_WARN_ABOUT_RETURN_TYPE = YES_ERROR;
				GCC_WARN_UNDECLARED_SELECTOR = YES;
				GCC_WARN_UNINITIALIZED_AUTOS = YES_AGGRESSIVE;
				GCC_WARN_UNUSED_FUNCTION = YES;
				GCC_WARN_UNUSED_VARIABLE = YES;
				IPHONEOS_DEPLOYMENT_TARGET = 16.4;
				MTL_ENABLE_DEBUG_INFO = INCLUDE_SOURCE;
				MTL_FAST_MATH = YES;
				ONLY_ACTIVE_ARCH = YES;
				SDKROOT = iphoneos;
				SWIFT_ACTIVE_COMPILATION_CONDITIONS = DEBUG;
				SWIFT_OPTIMIZATION_LEVEL = "-Onone";
			};
			name = Debug;
		};
		EBEA72FC2A10147B009037F7 /* Release */ = {
			isa = XCBuildConfiguration;
			buildSettings = {
				ALWAYS_SEARCH_USER_PATHS = NO;
				CLANG_ANALYZER_NONNULL = YES;
				CLANG_ANALYZER_NUMBER_OBJECT_CONVERSION = YES_AGGRESSIVE;
				CLANG_CXX_LANGUAGE_STANDARD = "gnu++20";
				CLANG_ENABLE_MODULES = YES;
				CLANG_ENABLE_OBJC_ARC = YES;
				CLANG_ENABLE_OBJC_WEAK = YES;
				CLANG_WARN_BLOCK_CAPTURE_AUTORELEASING = YES;
				CLANG_WARN_BOOL_CONVERSION = YES;
				CLANG_WARN_COMMA = YES;
				CLANG_WARN_CONSTANT_CONVERSION = YES;
				CLANG_WARN_DEPRECATED_OBJC_IMPLEMENTATIONS = YES;
				CLANG_WARN_DIRECT_OBJC_ISA_USAGE = YES_ERROR;
				CLANG_WARN_DOCUMENTATION_COMMENTS = YES;
				CLANG_WARN_EMPTY_BODY = YES;
				CLANG_WARN_ENUM_CONVERSION = YES;
				CLANG_WARN_INFINITE_RECURSION = YES;
				CLANG_WARN_INT_CONVERSION = YES;
				CLANG_WARN_NON_LITERAL_NULL_CONVERSION = YES;
				CLANG_WARN_OBJC_IMPLICIT_RETAIN_SELF = YES;
				CLANG_WARN_OBJC_LITERAL_CONVERSION = YES;
				CLANG_WARN_OBJC_ROOT_CLASS = YES_ERROR;
				CLANG_WARN_QUOTED_INCLUDE_IN_FRAMEWORK_HEADER = YES;
				CLANG_WARN_RANGE_LOOP_ANALYSIS = YES;
				CLANG_WARN_STRICT_PROTOTYPES = YES;
				CLANG_WARN_SUSPICIOUS_MOVE = YES;
				CLANG_WARN_UNGUARDED_AVAILABILITY = YES_AGGRESSIVE;
				CLANG_WARN_UNREACHABLE_CODE = YES;
				CLANG_WARN__DUPLICATE_METHOD_MATCH = YES;
				COPY_PHASE_STRIP = NO;
				DEBUG_INFORMATION_FORMAT = "dwarf-with-dsym";
				ENABLE_NS_ASSERTIONS = NO;
				ENABLE_STRICT_OBJC_MSGSEND = YES;
				GCC_C_LANGUAGE_STANDARD = gnu11;
				GCC_NO_COMMON_BLOCKS = YES;
				GCC_WARN_64_TO_32_BIT_CONVERSION = YES;
				GCC_WARN_ABOUT_RETURN_TYPE = YES_ERROR;
				GCC_WARN_UNDECLARED_SELECTOR = YES;
				GCC_WARN_UNINITIALIZED_AUTOS = YES_AGGRESSIVE;
				GCC_WARN_UNUSED_FUNCTION = YES;
				GCC_WARN_UNUSED_VARIABLE = YES;
				IPHONEOS_DEPLOYMENT_TARGET = 16.4;
				MTL_ENABLE_DEBUG_INFO = NO;
				MTL_FAST_MATH = YES;
				SDKROOT = iphoneos;
				SWIFT_COMPILATION_MODE = wholemodule;
				SWIFT_OPTIMIZATION_LEVEL = "-O";
				VALIDATE_PRODUCT = YES;
			};
			name = Release;
		};
		EBEA72FE2A10147B009037F7 /* Debug */ = {
			isa = XCBuildConfiguration;
			buildSettings = {
				ASSETCATALOG_COMPILER_APPICON_NAME = AppIcon;
				ASSETCATALOG_COMPILER_GLOBAL_ACCENT_COLOR_NAME = AccentColor;
				CODE_SIGN_STYLE = Automatic;
				CURRENT_PROJECT_VERSION = 1;
				DEVELOPMENT_ASSET_PATHS = "\"BioGraphAI/Preview Content\"";
				ENABLE_PREVIEWS = YES;
				GENERATE_INFOPLIST_FILE = YES;
				INFOPLIST_KEY_UIApplicationSceneManifest_Generation = YES;
				INFOPLIST_KEY_UIApplicationSupportsIndirectInputEvents = YES;
				INFOPLIST_KEY_UILaunchScreen_Generation = YES;
				INFOPLIST_KEY_UISupportedInterfaceOrientations_iPad = "UIInterfaceOrientationPortrait UIInterfaceOrientationPortraitUpsideDown UIInterfaceOrientationLandscapeLeft UIInterfaceOrientationLandscapeRight";
				INFOPLIST_KEY_UISupportedInterfaceOrientations_iPhone = "UIInterfaceOrientationPortrait UIInterfaceOrientationLandscapeLeft UIInterfaceOrientationLandscapeRight";
				LD_RUNPATH_SEARCH_PATHS = (
					"$(inherited)",
					"@executable_path/Frameworks",
				);
				MARKETING_VERSION = 1.0;
				PRODUCT_BUNDLE_IDENTIFIER = com.nomadacode.BioGraphAI;
				PRODUCT_NAME = "$(TARGET_NAME)";
				SWIFT_EMIT_LOC_STRINGS = YES;
				SWIFT_VERSION = 5.0;
				TARGETED_DEVICE_FAMILY = "1,2";
			};
			name = Debug;
		};
		EBEA72FF2A10147B009037F7 /* Release */ = {
			isa = XCBuildConfiguration;
			buildSettings = {
				ASSETCATALOG_COMPILER_APPICON_NAME = AppIcon;
				ASSETCATALOG_COMPILER_GLOBAL_ACCENT_COLOR_NAME = AccentColor;
				CODE_SIGN_STYLE = Automatic;
				CURRENT_PROJECT_VERSION = 1;
				DEVELOPMENT_ASSET_PATHS = "\"BioGraphAI/Preview Content\"";
				ENABLE_PREVIEWS = YES;
				GENERATE_INFOPLIST_FILE = YES;
				INFOPLIST_KEY_UIApplicationSceneManifest_Generation = YES;
				INFOPLIST_KEY_UIApplicationSupportsIndirectInputEvents = YES;
				INFOPLIST_KEY_UILaunchScreen_Generation = YES;
				INFOPLIST_KEY_UISupportedInterfaceOrientations_iPad = "UIInterfaceOrientationPortrait UIInterfaceOrientationPortraitUpsideDown UIInterfaceOrientationLandscapeLeft UIInterfaceOrientationLandscapeRight";
				INFOPLIST_KEY_UISupportedInterfaceOrientations_iPhone = "UIInterfaceOrientationPortrait UIInterfaceOrientationLandscapeLeft UIInterfaceOrientationLandscapeRight";
				LD_RUNPATH_SEARCH_PATHS = (
					"$(inherited)",
					"@executable_path/Frameworks",
				);
				MARKETING_VERSION = 1.0;
				PRODUCT_BUNDLE_IDENTIFIER = com.nomadacode.BioGraphAI;
				PRODUCT_NAME = "$(TARGET_NAME)";
				SWIFT_EMIT_LOC_STRINGS = YES;
				SWIFT_VERSION = 5.0;
				TARGETED_DEVICE_FAMILY = "1,2";
			};
			name = Release;
		};
		EBEA73012A10147B009037F7 /* Debug */ = {
			isa = XCBuildConfiguration;
			buildSettings = {
				ALWAYS_EMBED_SWIFT_STANDARD_LIBRARIES = YES;
				BUNDLE_LOADER = "$(TEST_HOST)";
				CODE_SIGN_STYLE = Automatic;
				CURRENT_PROJECT_VERSION = 1;
				GENERATE_INFOPLIST_FILE = YES;
				IPHONEOS_DEPLOYMENT_TARGET = 16.4;
				MARKETING_VERSION = 1.0;
				PRODUCT_BUNDLE_IDENTIFIER = com.nomadacode.BioGraphAITests;
				PRODUCT_NAME = "$(TARGET_NAME)";
				SWIFT_EMIT_LOC_STRINGS = NO;
				SWIFT_VERSION = 5.0;
				TARGETED_DEVICE_FAMILY = "1,2";
				TEST_HOST = "$(BUILT_PRODUCTS_DIR)/BioGraphAI.app/$(BUNDLE_EXECUTABLE_FOLDER_PATH)/BioGraphAI";
			};
			name = Debug;
		};
		EBEA73022A10147B009037F7 /* Release */ = {
			isa = XCBuildConfiguration;
			buildSettings = {
				ALWAYS_EMBED_SWIFT_STANDARD_LIBRARIES = YES;
				BUNDLE_LOADER = "$(TEST_HOST)";
				CODE_SIGN_STYLE = Automatic;
				CURRENT_PROJECT_VERSION = 1;
				GENERATE_INFOPLIST_FILE = YES;
				IPHONEOS_DEPLOYMENT_TARGET = 16.4;
				MARKETING_VERSION = 1.0;
				PRODUCT_BUNDLE_IDENTIFIER = com.nomadacode.BioGraphAITests;
				PRODUCT_NAME = "$(TARGET_NAME)";
				SWIFT_EMIT_LOC_STRINGS = NO;
				SWIFT_VERSION = 5.0;
				TARGETED_DEVICE_FAMILY = "1,2";
				TEST_HOST = "$(BUILT_PRODUCTS_DIR)/BioGraphAI.app/$(BUNDLE_EXECUTABLE_FOLDER_PATH)/BioGraphAI";
			};
			name = Release;
		};
		EBEA73042A10147B009037F7 /* Debug */ = {
			isa = XCBuildConfiguration;
			buildSettings = {
				ALWAYS_EMBED_SWIFT_STANDARD_LIBRARIES = YES;
				CODE_SIGN_STYLE = Automatic;
				CURRENT_PROJECT_VERSION = 1;
				GENERATE_INFOPLIST_FILE = YES;
				MARKETING_VERSION = 1.0;
				PRODUCT_BUNDLE_IDENTIFIER = com.nomadacode.BioGraphAIUITests;
				PRODUCT_NAME = "$(TARGET_NAME)";
				SWIFT_EMIT_LOC_STRINGS = NO;
				SWIFT_VERSION = 5.0;
				TARGETED_DEVICE_FAMILY = "1,2";
				TEST_TARGET_NAME = BioGraphAI;
			};
			name = Debug;
		};
		EBEA73052A10147B009037F7 /* Release */ = {
			isa = XCBuildConfiguration;
			buildSettings = {
				ALWAYS_EMBED_SWIFT_STANDARD_LIBRARIES = YES;
				CODE_SIGN_STYLE = Automatic;
				CURRENT_PROJECT_VERSION = 1;
				GENERATE_INFOPLIST_FILE = YES;
				MARKETING_VERSION = 1.0;
				PRODUCT_BUNDLE_IDENTIFIER = com.nomadacode.BioGraphAIUITests;
				PRODUCT_NAME = "$(TARGET_NAME)";
				SWIFT_EMIT_LOC_STRINGS = NO;
				SWIFT_VERSION = 5.0;
				TARGETED_DEVICE_FAMILY = "1,2";
				TEST_TARGET_NAME = BioGraphAI;
			};
			name = Release;
		};
/* End XCBuildConfiguration section */

/* Begin XCConfigurationList section */
		EBEA72D42A10147A009037F7 /* Build configuration list for PBXProject "BioGraphAI" */ = {
			isa = XCConfigurationList;
			buildConfigurations = (
				EBEA72FB2A10147B009037F7 /* Debug */,
				EBEA72FC2A10147B009037F7 /* Release */,
			);
			defaultConfigurationIsVisible = 0;
			defaultConfigurationName = Release;
		};
		EBEA72FD2A10147B009037F7 /* Build configuration list for PBXNativeTarget "BioGraphAI" */ = {
			isa = XCConfigurationList;
			buildConfigurations = (
				EBEA72FE2A10147B009037F7 /* Debug */,
				EBEA72FF2A10147B009037F7 /* Release */,
			);
			defaultConfigurationIsVisible = 0;
			defaultConfigurationName = Release;
		};
		EBEA73002A10147B009037F7 /* Build configuration list for PBXNativeTarget "BioGraphAITests" */ = {
			isa = XCConfigurationList;
			buildConfigurations = (
				EBEA73012A10147B009037F7 /* Debug */,
				EBEA73022A10147B009037F7 /* Release */,
			);
			defaultConfigurationIsVisible = 0;
			defaultConfigurationName = Release;
		};
		EBEA73032A10147B009037F7 /* Build configuration list for PBXNativeTarget "BioGraphAIUITests" */ = {
			isa = XCConfigurationList;
			buildConfigurations = (
				EBEA73042A10147B009037F7 /* Debug */,
				EBEA73052A10147B009037F7 /* Release */,
			);
			defaultConfigurationIsVisible = 0;
			defaultConfigurationName = Release;
		};
/* End XCConfigurationList section */

/* Begin XCVersionGroup section */
		EBEA73282A108665009037F7 /* BiographyModel.xcdatamodeld */ = {
			isa = XCVersionGroup;
			children = (
				EBEA73292A108665009037F7 /* BiographyModel.xcdatamodel */,
			);
			currentVersion = EBEA73292A108665009037F7 /* BiographyModel.xcdatamodel */;
			path = BiographyModel.xcdatamodeld;
			sourceTree = "<group>";
			versionGroupType = wrapper.xcdatamodel;
		};
/* End XCVersionGroup section */
	};
	rootObject = EBEA72D12A10147A009037F7 /* Project object */;
}
